
Microsoft Visual Studio Solution File, Format Version 12.00
# Visual Studio Version 17
VisualStudioVersion = 17.0.31903.59
MinimumVisualStudioVersion = 10.0.40219.1
Project("{2150E333-8FDC-42A3-9474-1A3956D46DE8}") = "src", "src", "{4C4D14C5-A0CF-481B-A96A-B1BFC07ED422}"
EndProject
Project("{FAE04EC0-301F-11D3-BF4B-00C04F79EFBC}") = "OpenSwitch", "src\OpenSwitch\OpenSwitch.csproj", "{6F2CD2A1-427C-46B1-8B83-40C103F6FAFC}"
EndProject
Project("{2150E333-8FDC-42A3-9474-1A3956D46DE8}") = "tests", "tests", "{6AB9BF87-DEB2-4748-B61F-A69853819AD7}"
EndProject
Project("{FAE04EC0-301F-11D3-BF4B-00C04F79EFBC}") = "OpenSwitch.Tests", "tests\OpenSwitch.Tests\OpenSwitch.Tests.csproj", "{39354203-0F61-4B97-8519-11A1C0346DF1}"
EndProject
Global
	GlobalSection(SolutionConfigurationPlatforms) = preSolution
		Debug|Any CPU = Debug|Any CPU
		Release|Any CPU = Release|Any CPU
	EndGlobalSection
	GlobalSection(SolutionProperties) = preSolution
		HideSolutionNode = FALSE
	EndGlobalSection
	GlobalSection(ProjectConfigurationPlatforms) = postSolution
		{6F2CD2A1-427C-46B1-8B83-40C103F6FAFC}.Debug|Any CPU.ActiveCfg = Debug|Any CPU
		{6F2CD2A1-427C-46B1-8B83-40C103F6FAFC}.Debug|Any CPU.Build.0 = Debug|Any CPU
		{6F2CD2A1-427C-46B1-8B83-40C103F6FAFC}.Release|Any CPU.ActiveCfg = Release|Any CPU
		{6F2CD2A1-427C-46B1-8B83-40C103F6FAFC}.Release|Any CPU.Build.0 = Release|Any CPU
		{39354203-0F61-4B97-8519-11A1C0346DF1}.Debug|Any CPU.ActiveCfg = Debug|Any CPU
		{39354203-0F61-4B97-8519-11A1C0346DF1}.Debug|Any CPU.Build.0 = Debug|Any CPU
		{39354203-0F61-4B97-8519-11A1C0346DF1}.Release|Any CPU.ActiveCfg = Release|Any CPU
		{39354203-0F61-4B97-8519-11A1C0346DF1}.Release|Any CPU.Build.0 = Release|Any CPU
	EndGlobalSection
	GlobalSection(NestedProjects) = preSolution
		{6F2CD2A1-427C-46B1-8B83-40C103F6FAFC} = {4C4D14C5-A0CF-481B-A96A-B1BFC07ED422}
		{39354203-0F61-4B97-8519-11A1C0346DF1} = {6AB9BF87-DEB2-4748-B61F-A69853819AD7}
	EndGlobalSection
EndGlobal
